
Microsoft Visual Studio Solution File, Format Version 12.00
# Visual Studio Version 16
VisualStudioVersion = 16.0.29709.97
MinimumVisualStudioVersion = 10.0.40219.1
Project("{2150E333-8FDC-42A3-9474-1A3956D46DE8}") = "BaseUiSetup", "BaseUiSetup", "{33EB02A5-7E38-42B6-9897-3A23C626A4BF}"
EndProject
Project("{FAE04EC0-301F-11D3-BF4B-00C04F79EFBC}") = "BaseUiSetup", "BaseUiSetup\BaseUiSetup.csproj", "{4C40536D-4640-4B8D-AEE5-4CC6369C41D2}"
EndProject
Project("{2150E333-8FDC-42A3-9474-1A3956D46DE8}") = "SupportClasses", "SupportClasses", "{1A3B20F6-3911-4CF4-99E3-BBC68A5E5160}"
EndProject
Project("{FAE04EC0-301F-11D3-BF4B-00C04F79EFBC}") = "SupportClasses", "SupportClasses\SupportClasses.csproj", "{6A39093C-86CC-49E7-948B-B63646F90A24}"
EndProject
Project("{2150E333-8FDC-42A3-9474-1A3956D46DE8}") = "UiEntities", "UiEntities", "{5A01E574-4ADD-4B4B-9A0E-36DEE0A5BA01}"
EndProject
Project("{FAE04EC0-301F-11D3-BF4B-00C04F79EFBC}") = "UiEntities", "UiEntities\UiEntities.csproj", "{FB2FB1B5-A688-49C7-9BF9-A80BE57422C1}"
EndProject
Project("{2150E333-8FDC-42A3-9474-1A3956D46DE8}") = "TestBase", "TestBase", "{7DDB00E3-30D6-4437-8E6A-D2767E1B1A53}"
EndProject
Project("{FAE04EC0-301F-11D3-BF4B-00C04F79EFBC}") = "TestBase", "TestBase\TestBase.csproj", "{0E9AC488-C041-4D21-8079-9592A704D968}"
EndProject
Project("{2150E333-8FDC-42A3-9474-1A3956D46DE8}") = "Tests", "Tests", "{201BD22B-7A34-4814-962C-754E5E6291AA}"
EndProject
Project("{2150E333-8FDC-42A3-9474-1A3956D46DE8}") = "FrontendTests", "FrontendTests", "{2EA26DEA-0166-4283-B7F5-76FA1CE8F2F4}"
EndProject
Project("{2150E333-8FDC-42A3-9474-1A3956D46DE8}") = "BackendTests", "BackendTests", "{C30970FA-BE3D-43CC-99F3-46B3777E11C7}"
EndProject
Project("{FAE04EC0-301F-11D3-BF4B-00C04F79EFBC}") = "BackendTests", "BackendTests\BackendTests.csproj", "{801471F1-CD56-4CEC-9435-8CC078616B0A}"
EndProject
Project("{FAE04EC0-301F-11D3-BF4B-00C04F79EFBC}") = "FrontendTests", "FrontendTests\FrontendTests.csproj", "{88543C35-ED91-4105-9A3B-5F19EC4438E5}"
EndProject
Global
	GlobalSection(SolutionConfigurationPlatforms) = preSolution
		Debug|Any CPU = Debug|Any CPU
		Release|Any CPU = Release|Any CPU
	EndGlobalSection
	GlobalSection(ProjectConfigurationPlatforms) = postSolution
		{4C40536D-4640-4B8D-AEE5-4CC6369C41D2}.Debug|Any CPU.ActiveCfg = Debug|Any CPU
		{4C40536D-4640-4B8D-AEE5-4CC6369C41D2}.Debug|Any CPU.Build.0 = Debug|Any CPU
		{4C40536D-4640-4B8D-AEE5-4CC6369C41D2}.Release|Any CPU.ActiveCfg = Release|Any CPU
		{4C40536D-4640-4B8D-AEE5-4CC6369C41D2}.Release|Any CPU.Build.0 = Release|Any CPU
		{6A39093C-86CC-49E7-948B-B63646F90A24}.Debug|Any CPU.ActiveCfg = Debug|Any CPU
		{6A39093C-86CC-49E7-948B-B63646F90A24}.Debug|Any CPU.Build.0 = Debug|Any CPU
		{6A39093C-86CC-49E7-948B-B63646F90A24}.Release|Any CPU.ActiveCfg = Release|Any CPU
		{6A39093C-86CC-49E7-948B-B63646F90A24}.Release|Any CPU.Build.0 = Release|Any CPU
		{FB2FB1B5-A688-49C7-9BF9-A80BE57422C1}.Debug|Any CPU.ActiveCfg = Debug|Any CPU
		{FB2FB1B5-A688-49C7-9BF9-A80BE57422C1}.Debug|Any CPU.Build.0 = Debug|Any CPU
		{FB2FB1B5-A688-49C7-9BF9-A80BE57422C1}.Release|Any CPU.ActiveCfg = Release|Any CPU
		{FB2FB1B5-A688-49C7-9BF9-A80BE57422C1}.Release|Any CPU.Build.0 = Release|Any CPU
		{0E9AC488-C041-4D21-8079-9592A704D968}.Debug|Any CPU.ActiveCfg = Debug|Any CPU
		{0E9AC488-C041-4D21-8079-9592A704D968}.Debug|Any CPU.Build.0 = Debug|Any CPU
		{0E9AC488-C041-4D21-8079-9592A704D968}.Release|Any CPU.ActiveCfg = Release|Any CPU
		{0E9AC488-C041-4D21-8079-9592A704D968}.Release|Any CPU.Build.0 = Release|Any CPU
		{801471F1-CD56-4CEC-9435-8CC078616B0A}.Debug|Any CPU.ActiveCfg = Debug|Any CPU
		{801471F1-CD56-4CEC-9435-8CC078616B0A}.Debug|Any CPU.Build.0 = Debug|Any CPU
		{801471F1-CD56-4CEC-9435-8CC078616B0A}.Release|Any CPU.ActiveCfg = Release|Any CPU
		{801471F1-CD56-4CEC-9435-8CC078616B0A}.Release|Any CPU.Build.0 = Release|Any CPU
		{88543C35-ED91-4105-9A3B-5F19EC4438E5}.Debug|Any CPU.ActiveCfg = Debug|Any CPU
		{88543C35-ED91-4105-9A3B-5F19EC4438E5}.Debug|Any CPU.Build.0 = Debug|Any CPU
		{88543C35-ED91-4105-9A3B-5F19EC4438E5}.Release|Any CPU.ActiveCfg = Release|Any CPU
		{88543C35-ED91-4105-9A3B-5F19EC4438E5}.Release|Any CPU.Build.0 = Release|Any CPU
	EndGlobalSection
	GlobalSection(SolutionProperties) = preSolution
		HideSolutionNode = FALSE
	EndGlobalSection
	GlobalSection(NestedProjects) = preSolution
		{4C40536D-4640-4B8D-AEE5-4CC6369C41D2} = {33EB02A5-7E38-42B6-9897-3A23C626A4BF}
		{6A39093C-86CC-49E7-948B-B63646F90A24} = {1A3B20F6-3911-4CF4-99E3-BBC68A5E5160}
		{FB2FB1B5-A688-49C7-9BF9-A80BE57422C1} = {5A01E574-4ADD-4B4B-9A0E-36DEE0A5BA01}
		{0E9AC488-C041-4D21-8079-9592A704D968} = {7DDB00E3-30D6-4437-8E6A-D2767E1B1A53}
		{2EA26DEA-0166-4283-B7F5-76FA1CE8F2F4} = {201BD22B-7A34-4814-962C-754E5E6291AA}
		{C30970FA-BE3D-43CC-99F3-46B3777E11C7} = {201BD22B-7A34-4814-962C-754E5E6291AA}
		{801471F1-CD56-4CEC-9435-8CC078616B0A} = {C30970FA-BE3D-43CC-99F3-46B3777E11C7}
		{88543C35-ED91-4105-9A3B-5F19EC4438E5} = {2EA26DEA-0166-4283-B7F5-76FA1CE8F2F4}
	EndGlobalSection
	GlobalSection(ExtensibilityGlobals) = postSolution
		SolutionGuid = {420AD4D9-8F97-4554-832E-FB696B65AE6A}
	EndGlobalSection
EndGlobal
